
Microsoft Visual Studio Solution File, Format Version 12.00
# Visual Studio 2012
Project("{2150E333-8FDC-42A3-9474-1A3956D46DE8}") = "Solution Items", "Solution Items", "{05C93765-AD83-4EA1-B548-28E20B39EABB}"
	ProjectSection(SolutionItems) = preProject
		Local.testsettings = Local.testsettings
		MvpSurvivalKit.vsmdi = MvpSurvivalKit.vsmdi
		TraceAndTestImpact.testsettings = TraceAndTestImpact.testsettings
	EndProjectSection
EndProject
Project("{FAE04EC0-301F-11D3-BF4B-00C04F79EFBC}") = "MvpSurvivalKit.Presentation", "MvpSurvivalKit.Presentation\MvpSurvivalKit.Presentation.csproj", "{7A944008-0A06-424B-A062-1D72D93AB0BD}"
EndProject
Project("{FAE04EC0-301F-11D3-BF4B-00C04F79EFBC}") = "MvpSurvivalKit.View", "MvpSurvivalKit.View\MvpSurvivalKit.View.csproj", "{559CA8B5-2889-433E-9B38-A0C482A17BBD}"
EndProject
Project("{FAE04EC0-301F-11D3-BF4B-00C04F79EFBC}") = "MvpSurvivalKit.Presentation.Tests", "MvpSurvivalKit.Presentation.Tests\MvpSurvivalKit.Presentation.Tests.csproj", "{B93298E9-D2E3-41C5-BD76-C4EE6FCB40A0}"
EndProject
Project("{FAE04EC0-301F-11D3-BF4B-00C04F79EFBC}") = "MvpSurvivalKit.Services", "MvpSurvivalKit.Services\MvpSurvivalKit.Services.csproj", "{3D219D5E-B839-4689-8759-78477A19C80F}"
EndProject
Project("{FAE04EC0-301F-11D3-BF4B-00C04F79EFBC}") = "MvpSurvivalKit.Web", "MvpSurvivalKit.Web\MvpSurvivalKit.Web.csproj", "{D5A6EFCC-4B6D-4AC5-AC59-26D5EDD54DF8}"
EndProject
Project("{FAE04EC0-301F-11D3-BF4B-00C04F79EFBC}") = "MvpSurvivalKit.Windows", "MvpSurvivalKit.Windows\MvpSurvivalKit.Windows.csproj", "{D08C34F8-0369-413F-BE1E-F513C6ECA08F}"
EndProject
Global
	GlobalSection(TestCaseManagementSettings) = postSolution
		CategoryFile = MvpSurvivalKit.vsmdi
	EndGlobalSection
	GlobalSection(SolutionConfigurationPlatforms) = preSolution
		Debug|Any CPU = Debug|Any CPU
		Debug|Mixed Platforms = Debug|Mixed Platforms
		Debug|x86 = Debug|x86
		Release|Any CPU = Release|Any CPU
		Release|Mixed Platforms = Release|Mixed Platforms
		Release|x86 = Release|x86
	EndGlobalSection
	GlobalSection(ProjectConfigurationPlatforms) = postSolution
		{7A944008-0A06-424B-A062-1D72D93AB0BD}.Debug|Any CPU.ActiveCfg = Debug|Any CPU
		{7A944008-0A06-424B-A062-1D72D93AB0BD}.Debug|Any CPU.Build.0 = Debug|Any CPU
		{7A944008-0A06-424B-A062-1D72D93AB0BD}.Debug|Mixed Platforms.ActiveCfg = Debug|Any CPU
		{7A944008-0A06-424B-A062-1D72D93AB0BD}.Debug|Mixed Platforms.Build.0 = Debug|Any CPU
		{7A944008-0A06-424B-A062-1D72D93AB0BD}.Debug|x86.ActiveCfg = Debug|Any CPU
		{7A944008-0A06-424B-A062-1D72D93AB0BD}.Release|Any CPU.ActiveCfg = Release|Any CPU
		{7A944008-0A06-424B-A062-1D72D93AB0BD}.Release|Any CPU.Build.0 = Release|Any CPU
		{7A944008-0A06-424B-A062-1D72D93AB0BD}.Release|Mixed Platforms.ActiveCfg = Release|Any CPU
		{7A944008-0A06-424B-A062-1D72D93AB0BD}.Release|Mixed Platforms.Build.0 = Release|Any CPU
		{7A944008-0A06-424B-A062-1D72D93AB0BD}.Release|x86.ActiveCfg = Release|Any CPU
		{559CA8B5-2889-433E-9B38-A0C482A17BBD}.Debug|Any CPU.ActiveCfg = Debug|Any CPU
		{559CA8B5-2889-433E-9B38-A0C482A17BBD}.Debug|Any CPU.Build.0 = Debug|Any CPU
		{559CA8B5-2889-433E-9B38-A0C482A17BBD}.Debug|Mixed Platforms.ActiveCfg = Debug|Any CPU
		{559CA8B5-2889-433E-9B38-A0C482A17BBD}.Debug|Mixed Platforms.Build.0 = Debug|Any CPU
		{559CA8B5-2889-433E-9B38-A0C482A17BBD}.Debug|x86.ActiveCfg = Debug|Any CPU
		{559CA8B5-2889-433E-9B38-A0C482A17BBD}.Release|Any CPU.ActiveCfg = Release|Any CPU
		{559CA8B5-2889-433E-9B38-A0C482A17BBD}.Release|Any CPU.Build.0 = Release|Any CPU
		{559CA8B5-2889-433E-9B38-A0C482A17BBD}.Release|Mixed Platforms.ActiveCfg = Release|Any CPU
		{559CA8B5-2889-433E-9B38-A0C482A17BBD}.Release|Mixed Platforms.Build.0 = Release|Any CPU
		{559CA8B5-2889-433E-9B38-A0C482A17BBD}.Release|x86.ActiveCfg = Release|Any CPU
		{B93298E9-D2E3-41C5-BD76-C4EE6FCB40A0}.Debug|Any CPU.ActiveCfg = Debug|Any CPU
		{B93298E9-D2E3-41C5-BD76-C4EE6FCB40A0}.Debug|Any CPU.Build.0 = Debug|Any CPU
		{B93298E9-D2E3-41C5-BD76-C4EE6FCB40A0}.Debug|Mixed Platforms.ActiveCfg = Debug|Any CPU
		{B93298E9-D2E3-41C5-BD76-C4EE6FCB40A0}.Debug|Mixed Platforms.Build.0 = Debug|Any CPU
		{B93298E9-D2E3-41C5-BD76-C4EE6FCB40A0}.Debug|x86.ActiveCfg = Debug|Any CPU
		{B93298E9-D2E3-41C5-BD76-C4EE6FCB40A0}.Release|Any CPU.ActiveCfg = Release|Any CPU
		{B93298E9-D2E3-41C5-BD76-C4EE6FCB40A0}.Release|Any CPU.Build.0 = Release|Any CPU
		{B93298E9-D2E3-41C5-BD76-C4EE6FCB40A0}.Release|Mixed Platforms.ActiveCfg = Release|Any CPU
		{B93298E9-D2E3-41C5-BD76-C4EE6FCB40A0}.Release|Mixed Platforms.Build.0 = Release|Any CPU
		{B93298E9-D2E3-41C5-BD76-C4EE6FCB40A0}.Release|x86.ActiveCfg = Release|Any CPU
		{3D219D5E-B839-4689-8759-78477A19C80F}.Debug|Any CPU.ActiveCfg = Debug|Any CPU
		{3D219D5E-B839-4689-8759-78477A19C80F}.Debug|Any CPU.Build.0 = Debug|Any CPU
		{3D219D5E-B839-4689-8759-78477A19C80F}.Debug|Mixed Platforms.ActiveCfg = Debug|Any CPU
		{3D219D5E-B839-4689-8759-78477A19C80F}.Debug|Mixed Platforms.Build.0 = Debug|Any CPU
		{3D219D5E-B839-4689-8759-78477A19C80F}.Debug|x86.ActiveCfg = Debug|Any CPU
		{3D219D5E-B839-4689-8759-78477A19C80F}.Release|Any CPU.ActiveCfg = Release|Any CPU
		{3D219D5E-B839-4689-8759-78477A19C80F}.Release|Any CPU.Build.0 = Release|Any CPU
		{3D219D5E-B839-4689-8759-78477A19C80F}.Release|Mixed Platforms.ActiveCfg = Release|Any CPU
		{3D219D5E-B839-4689-8759-78477A19C80F}.Release|Mixed Platforms.Build.0 = Release|Any CPU
		{3D219D5E-B839-4689-8759-78477A19C80F}.Release|x86.ActiveCfg = Release|Any CPU
		{D5A6EFCC-4B6D-4AC5-AC59-26D5EDD54DF8}.Debug|Any CPU.ActiveCfg = Debug|Any CPU
		{D5A6EFCC-4B6D-4AC5-AC59-26D5EDD54DF8}.Debug|Any CPU.Build.0 = Debug|Any CPU
		{D5A6EFCC-4B6D-4AC5-AC59-26D5EDD54DF8}.Debug|Mixed Platforms.ActiveCfg = Debug|Any CPU
		{D5A6EFCC-4B6D-4AC5-AC59-26D5EDD54DF8}.Debug|Mixed Platforms.Build.0 = Debug|Any CPU
		{D5A6EFCC-4B6D-4AC5-AC59-26D5EDD54DF8}.Debug|x86.ActiveCfg = Debug|Any CPU
		{D5A6EFCC-4B6D-4AC5-AC59-26D5EDD54DF8}.Release|Any CPU.ActiveCfg = Release|Any CPU
		{D5A6EFCC-4B6D-4AC5-AC59-26D5EDD54DF8}.Release|Any CPU.Build.0 = Release|Any CPU
		{D5A6EFCC-4B6D-4AC5-AC59-26D5EDD54DF8}.Release|Mixed Platforms.ActiveCfg = Release|Any CPU
		{D5A6EFCC-4B6D-4AC5-AC59-26D5EDD54DF8}.Release|Mixed Platforms.Build.0 = Release|Any CPU
		{D5A6EFCC-4B6D-4AC5-AC59-26D5EDD54DF8}.Release|x86.ActiveCfg = Release|Any CPU
		{D08C34F8-0369-413F-BE1E-F513C6ECA08F}.Debug|Any CPU.ActiveCfg = Debug|x86
		{D08C34F8-0369-413F-BE1E-F513C6ECA08F}.Debug|Mixed Platforms.ActiveCfg = Debug|x86
		{D08C34F8-0369-413F-BE1E-F513C6ECA08F}.Debug|Mixed Platforms.Build.0 = Debug|x86
		{D08C34F8-0369-413F-BE1E-F513C6ECA08F}.Debug|x86.ActiveCfg = Debug|x86
		{D08C34F8-0369-413F-BE1E-F513C6ECA08F}.Debug|x86.Build.0 = Debug|x86
		{D08C34F8-0369-413F-BE1E-F513C6ECA08F}.Release|Any CPU.ActiveCfg = Release|x86
		{D08C34F8-0369-413F-BE1E-F513C6ECA08F}.Release|Mixed Platforms.ActiveCfg = Release|x86
		{D08C34F8-0369-413F-BE1E-F513C6ECA08F}.Release|Mixed Platforms.Build.0 = Release|x86
		{D08C34F8-0369-413F-BE1E-F513C6ECA08F}.Release|x86.ActiveCfg = Release|x86
		{D08C34F8-0369-413F-BE1E-F513C6ECA08F}.Release|x86.Build.0 = Release|x86
	EndGlobalSection
	GlobalSection(SolutionProperties) = preSolution
		HideSolutionNode = FALSE
	EndGlobalSection
EndGlobal
